
Microsoft Visual Studio Solution File, Format Version 12.00
# Visual Studio Version 16
VisualStudioVersion = 16.0.30320.27
MinimumVisualStudioVersion = 10.0.40219.1
Project("{FAE04EC0-301F-11D3-BF4B-00C04F79EFBC}") = "SampleGitHubApp", "SampleGitHubApp\SampleGitHubApp.csproj", "{1F50BD73-C0E5-4E8F-8E2E-FA048EA1565B}"
EndProject
Global
	GlobalSection(SolutionConfigurationPlatforms) = preSolution
		Debug|Any CPU = Debug|Any CPU
		Release|Any CPU = Release|Any CPU
	EndGlobalSection
	GlobalSection(ProjectConfigurationPlatforms) = postSolution
		{1F50BD73-C0E5-4E8F-8E2E-FA048EA1565B}.Debug|Any CPU.ActiveCfg = Debug|Any CPU
		{1F50BD73-C0E5-4E8F-8E2E-FA048EA1565B}.Debug|Any CPU.Build.0 = Debug|Any CPU
		{1F50BD73-C0E5-4E8F-8E2E-FA048EA1565B}.Release|Any CPU.ActiveCfg = Release|Any CPU
		{1F50BD73-C0E5-4E8F-8E2E-FA048EA1565B}.Release|Any CPU.Build.0 = Release|Any CPU
	EndGlobalSection
	GlobalSection(SolutionProperties) = preSolution
		HideSolutionNode = FALSE
	EndGlobalSection
	GlobalSection(ExtensibilityGlobals) = postSolution
		SolutionGuid = {2BD288B7-100B-4C49-8578-B9E325CB088E}
	EndGlobalSection
EndGlobal
